
Microsoft Visual Studio Solution File, Format Version 12.00
# Visual Studio Version 16
VisualStudioVersion = 16.0.29123.88
MinimumVisualStudioVersion = 10.0.40219.1
Project("{FAE04EC0-301F-11D3-BF4B-00C04F79EFBC}") = "ProjectK", "ProjectK\ProjectK.csproj", "{7AC5204B-8512-401B-9957-7EAD5CEF8479}"
EndProject
Project("{FAE04EC0-301F-11D3-BF4B-00C04F79EFBC}") = "ProjectK_Console", "ProjectK_Console\ProjectK_Console.csproj", "{2FCE797D-A34C-429B-A2B8-324176B970BE}"
EndProject
Project("{FAE04EC0-301F-11D3-BF4B-00C04F79EFBC}") = "ProjectK_Server1", "ProjectK_Server1\ProjectK_Server1.csproj", "{EAC54882-E55F-483F-B7DD-92B7EA6F26F4}"
EndProject
Global
	GlobalSection(SolutionConfigurationPlatforms) = preSolution
		Debug|Any CPU = Debug|Any CPU
		Release|Any CPU = Release|Any CPU
	EndGlobalSection
	GlobalSection(ProjectConfigurationPlatforms) = postSolution
		{7AC5204B-8512-401B-9957-7EAD5CEF8479}.Debug|Any CPU.ActiveCfg = Debug|Any CPU
		{7AC5204B-8512-401B-9957-7EAD5CEF8479}.Debug|Any CPU.Build.0 = Debug|Any CPU
		{7AC5204B-8512-401B-9957-7EAD5CEF8479}.Release|Any CPU.ActiveCfg = Release|Any CPU
		{7AC5204B-8512-401B-9957-7EAD5CEF8479}.Release|Any CPU.Build.0 = Release|Any CPU
		{2FCE797D-A34C-429B-A2B8-324176B970BE}.Debug|Any CPU.ActiveCfg = Debug|Any CPU
		{2FCE797D-A34C-429B-A2B8-324176B970BE}.Debug|Any CPU.Build.0 = Debug|Any CPU
		{2FCE797D-A34C-429B-A2B8-324176B970BE}.Release|Any CPU.ActiveCfg = Release|Any CPU
		{2FCE797D-A34C-429B-A2B8-324176B970BE}.Release|Any CPU.Build.0 = Release|Any CPU
		{EAC54882-E55F-483F-B7DD-92B7EA6F26F4}.Debug|Any CPU.ActiveCfg = Debug|Any CPU
		{EAC54882-E55F-483F-B7DD-92B7EA6F26F4}.Debug|Any CPU.Build.0 = Debug|Any CPU
		{EAC54882-E55F-483F-B7DD-92B7EA6F26F4}.Release|Any CPU.ActiveCfg = Release|Any CPU
		{EAC54882-E55F-483F-B7DD-92B7EA6F26F4}.Release|Any CPU.Build.0 = Release|Any CPU
	EndGlobalSection
	GlobalSection(SolutionProperties) = preSolution
		HideSolutionNode = FALSE
	EndGlobalSection
	GlobalSection(ExtensibilityGlobals) = postSolution
		SolutionGuid = {A469959D-F976-4E20-9A80-12077553F3CE}
	EndGlobalSection
EndGlobal
